
Microsoft Visual Studio Solution File, Format Version 12.00
# Visual Studio Version 16
VisualStudioVersion = 16.0.30907.101
MinimumVisualStudioVersion = 10.0.40219.1
Project("{FAE04EC0-301F-11D3-BF4B-00C04F79EFBC}") = "MyPCDatabaseApp", "MyPCDatabaseApp\MyPCDatabaseApp.csproj", "{9E7FAA81-9306-4822-B182-A7227891F454}"
EndProject
Global
	GlobalSection(SolutionConfigurationPlatforms) = preSolution
		Debug|Any CPU = Debug|Any CPU
		Release|Any CPU = Release|Any CPU
	EndGlobalSection
	GlobalSection(ProjectConfigurationPlatforms) = postSolution
		{9E7FAA81-9306-4822-B182-A7227891F454}.Debug|Any CPU.ActiveCfg = Debug|Any CPU
		{9E7FAA81-9306-4822-B182-A7227891F454}.Debug|Any CPU.Build.0 = Debug|Any CPU
		{9E7FAA81-9306-4822-B182-A7227891F454}.Release|Any CPU.ActiveCfg = Release|Any CPU
		{9E7FAA81-9306-4822-B182-A7227891F454}.Release|Any CPU.Build.0 = Release|Any CPU
	EndGlobalSection
	GlobalSection(SolutionProperties) = preSolution
		HideSolutionNode = FALSE
	EndGlobalSection
	GlobalSection(ExtensibilityGlobals) = postSolution
		SolutionGuid = {44610668-CDD3-40B0-85C1-40EA2F89A479}
	EndGlobalSection
EndGlobal
